
Microsoft Visual Studio Solution File, Format Version 12.00
# Visual Studio Version 17
VisualStudioVersion = 17.4.33213.308
MinimumVisualStudioVersion = 10.0.40219.1
Project("{9A19103F-16F7-4668-BE54-9A1E7A4F7556}") = "AppointmentHospital.Server", "AppointmentHospital\Server\AppointmentHospital.Server.csproj", "{C380BE82-B679-4F09-AB68-4795BFAF687C}"
EndProject
Project("{9A19103F-16F7-4668-BE54-9A1E7A4F7556}") = "AppointmentHospital.Client", "AppointmentHospital\Client\AppointmentHospital.Client.csproj", "{E7A7EBB4-74B7-4C8E-8844-DDF8A7ABFDCF}"
EndProject
Project("{9A19103F-16F7-4668-BE54-9A1E7A4F7556}") = "AppointmentHospital.Shared", "AppointmentHospital\Shared\AppointmentHospital.Shared.csproj", "{A42B38F1-C9B8-455F-9656-CE42C13784AB}"
EndProject
Global
	GlobalSection(SolutionConfigurationPlatforms) = preSolution
		Debug|Any CPU = Debug|Any CPU
		Release|Any CPU = Release|Any CPU
	EndGlobalSection
	GlobalSection(ProjectConfigurationPlatforms) = postSolution
		{C380BE82-B679-4F09-AB68-4795BFAF687C}.Debug|Any CPU.ActiveCfg = Debug|Any CPU
		{C380BE82-B679-4F09-AB68-4795BFAF687C}.Debug|Any CPU.Build.0 = Debug|Any CPU
		{C380BE82-B679-4F09-AB68-4795BFAF687C}.Release|Any CPU.ActiveCfg = Release|Any CPU
		{C380BE82-B679-4F09-AB68-4795BFAF687C}.Release|Any CPU.Build.0 = Release|Any CPU
		{E7A7EBB4-74B7-4C8E-8844-DDF8A7ABFDCF}.Debug|Any CPU.ActiveCfg = Debug|Any CPU
		{E7A7EBB4-74B7-4C8E-8844-DDF8A7ABFDCF}.Debug|Any CPU.Build.0 = Debug|Any CPU
		{E7A7EBB4-74B7-4C8E-8844-DDF8A7ABFDCF}.Release|Any CPU.ActiveCfg = Release|Any CPU
		{E7A7EBB4-74B7-4C8E-8844-DDF8A7ABFDCF}.Release|Any CPU.Build.0 = Release|Any CPU
		{A42B38F1-C9B8-455F-9656-CE42C13784AB}.Debug|Any CPU.ActiveCfg = Debug|Any CPU
		{A42B38F1-C9B8-455F-9656-CE42C13784AB}.Debug|Any CPU.Build.0 = Debug|Any CPU
		{A42B38F1-C9B8-455F-9656-CE42C13784AB}.Release|Any CPU.ActiveCfg = Release|Any CPU
		{A42B38F1-C9B8-455F-9656-CE42C13784AB}.Release|Any CPU.Build.0 = Release|Any CPU
	EndGlobalSection
	GlobalSection(SolutionProperties) = preSolution
		HideSolutionNode = FALSE
	EndGlobalSection
	GlobalSection(ExtensibilityGlobals) = postSolution
		SolutionGuid = {4E5A8679-B630-4F40-A894-BA017D0529FE}
	EndGlobalSection
EndGlobal
